{
  "name": "compare-map",
  "version": "1.0.0",
  "lockfileVersion": 1,
  "requires": true,
  "dependencies": {
    "hammerjs": {
      "version": "2.0.8",
      "resolved": "https://registry.npmjs.org/hammerjs/-/hammerjs-2.0.8.tgz",
      "integrity": "sha1-BO93hiz/K7edMPdpIJWTAiK/YPE="
    },
    "leaflet": {
      "version": "1.5.1",
      "resolved": "https://registry.npmjs.org/leaflet/-/leaflet-1.5.1.tgz",
      "integrity": "sha512-ekM9KAeG99tYisNBg0IzEywAlp0hYI5XRipsqRXyRTeuU8jcuntilpp+eFf5gaE0xubc9RuSNIVtByEKwqFV0w=="
    },
    "leaflet-control-geocoder": {
      "version": "1.8.3",
      "resolved": "https://registry.npmjs.org/leaflet-control-geocoder/-/leaflet-control-geocoder-1.8.3.tgz",
      "integrity": "sha512-0EgcTx3rkAbohM9FD7uDavmO45OcQ2cTPSJra40Yz9kfR4O/3ep4yx2EMAZhd1V5fEZzHf7z0XTYOLHR/BpkRQ==",
      "requires": {
        "open-location-code": "^1.0.0"
      }
    },
    "leaflet-draw": {
      "version": "1.0.4",
      "resolved": "https://registry.npmjs.org/leaflet-draw/-/leaflet-draw-1.0.4.tgz",
      "integrity": "sha512-rsQ6saQO5ST5Aj6XRFylr5zvarWgzWnrg46zQ1MEOEIHsppdC/8hnN8qMoFvACsPvTioAuysya/TVtog15tyAQ=="
    },
    "open-location-code": {
      "version": "1.0.3",
      "resolved": "https://registry.npmjs.org/open-location-code/-/open-location-code-1.0.3.tgz",
      "integrity": "sha1-XqGjTuUiHGyvoEOS4b2Qb9dIj34=",
      "optional": true
    },
    "pubsub-js": {
      "version": "1.7.0",
      "resolved": "https://registry.npmjs.org/pubsub-js/-/pubsub-js-1.7.0.tgz",
      "integrity": "sha512-Pb68P9qFZxnvDipHMuj9oT1FoIgBcXJ9C9eWdHCLZAnulaUoJ3+Y87RhGMYilWpun6DMWVmvK70T4RP4drZMSA=="
    }
  }
}
